
Microsoft Visual Studio Solution File, Format Version 12.00
# Visual Studio Version 16
VisualStudioVersion = 16.0.30002.166
MinimumVisualStudioVersion = 10.0.40219.1
Project("{FAE04EC0-301F-11D3-BF4B-00C04F79EFBC}") = "EventPlanner2", "EventPlanner2\EventPlanner2.csproj", "{06006E46-3F38-42AF-B192-F593DC16634F}"
EndProject
Global
	GlobalSection(SolutionConfigurationPlatforms) = preSolution
		Debug|Any CPU = Debug|Any CPU
		Release|Any CPU = Release|Any CPU
	EndGlobalSection
	GlobalSection(ProjectConfigurationPlatforms) = postSolution
		{06006E46-3F38-42AF-B192-F593DC16634F}.Debug|Any CPU.ActiveCfg = Debug|Any CPU
		{06006E46-3F38-42AF-B192-F593DC16634F}.Debug|Any CPU.Build.0 = Debug|Any CPU
		{06006E46-3F38-42AF-B192-F593DC16634F}.Release|Any CPU.ActiveCfg = Release|Any CPU
		{06006E46-3F38-42AF-B192-F593DC16634F}.Release|Any CPU.Build.0 = Release|Any CPU
	EndGlobalSection
	GlobalSection(SolutionProperties) = preSolution
		HideSolutionNode = FALSE
	EndGlobalSection
	GlobalSection(ExtensibilityGlobals) = postSolution
		SolutionGuid = {5B501C79-4462-4893-BE94-61E33D70732E}
	EndGlobalSection
EndGlobal
