
Microsoft Visual Studio Solution File, Format Version 12.00
# Visual Studio Version 16
VisualStudioVersion = 16.0.30002.166
MinimumVisualStudioVersion = 10.0.40219.1
Project("{FAE04EC0-301F-11D3-BF4B-00C04F79EFBC}") = "Rainbow", "Rainbow\Rainbow.csproj", "{4AA6E893-2151-4096-ACBE-CBD861776200}"
EndProject
Project("{FAE04EC0-301F-11D3-BF4B-00C04F79EFBC}") = "millioner", "millioner\millioner.csproj", "{32681F76-5768-49A5-AB11-9E414C4C22FD}"
EndProject
Global
	GlobalSection(SolutionConfigurationPlatforms) = preSolution
		Debug|Any CPU = Debug|Any CPU
		Release|Any CPU = Release|Any CPU
	EndGlobalSection
	GlobalSection(ProjectConfigurationPlatforms) = postSolution
		{4AA6E893-2151-4096-ACBE-CBD861776200}.Debug|Any CPU.ActiveCfg = Debug|Any CPU
		{4AA6E893-2151-4096-ACBE-CBD861776200}.Debug|Any CPU.Build.0 = Debug|Any CPU
		{4AA6E893-2151-4096-ACBE-CBD861776200}.Release|Any CPU.ActiveCfg = Release|Any CPU
		{4AA6E893-2151-4096-ACBE-CBD861776200}.Release|Any CPU.Build.0 = Release|Any CPU
		{32681F76-5768-49A5-AB11-9E414C4C22FD}.Debug|Any CPU.ActiveCfg = Debug|Any CPU
		{32681F76-5768-49A5-AB11-9E414C4C22FD}.Debug|Any CPU.Build.0 = Debug|Any CPU
		{32681F76-5768-49A5-AB11-9E414C4C22FD}.Release|Any CPU.ActiveCfg = Release|Any CPU
		{32681F76-5768-49A5-AB11-9E414C4C22FD}.Release|Any CPU.Build.0 = Release|Any CPU
	EndGlobalSection
	GlobalSection(SolutionProperties) = preSolution
		HideSolutionNode = FALSE
	EndGlobalSection
	GlobalSection(ExtensibilityGlobals) = postSolution
		SolutionGuid = {67DEE617-854A-4CEC-8D91-27668AB9DAA5}
	EndGlobalSection
EndGlobal
