
Microsoft Visual Studio Solution File, Format Version 12.00
# Visual Studio Version 16
VisualStudioVersion = 16.0.30002.166
MinimumVisualStudioVersion = 10.0.40219.1
Project("{FAE04EC0-301F-11D3-BF4B-00C04F79EFBC}") = "TextEditor3000", "TextEditor3000\TextEditor3000.csproj", "{40749D33-9F0C-45F1-9190-D9EE3E8C081F}"
EndProject
Global
	GlobalSection(SolutionConfigurationPlatforms) = preSolution
		Debug|Any CPU = Debug|Any CPU
		Release|Any CPU = Release|Any CPU
	EndGlobalSection
	GlobalSection(ProjectConfigurationPlatforms) = postSolution
		{40749D33-9F0C-45F1-9190-D9EE3E8C081F}.Debug|Any CPU.ActiveCfg = Debug|Any CPU
		{40749D33-9F0C-45F1-9190-D9EE3E8C081F}.Debug|Any CPU.Build.0 = Debug|Any CPU
		{40749D33-9F0C-45F1-9190-D9EE3E8C081F}.Release|Any CPU.ActiveCfg = Release|Any CPU
		{40749D33-9F0C-45F1-9190-D9EE3E8C081F}.Release|Any CPU.Build.0 = Release|Any CPU
	EndGlobalSection
	GlobalSection(SolutionProperties) = preSolution
		HideSolutionNode = FALSE
	EndGlobalSection
	GlobalSection(ExtensibilityGlobals) = postSolution
		SolutionGuid = {8618D72F-B967-4C19-8E88-41B750EE839C}
	EndGlobalSection
EndGlobal
