
Microsoft Visual Studio Solution File, Format Version 12.00
# Visual Studio 15
VisualStudioVersion = 15.0.28307.757
MinimumVisualStudioVersion = 10.0.40219.1
Project("{FAE04EC0-301F-11D3-BF4B-00C04F79EFBC}") = "KeyGame", "KeyGame\KeyGame.csproj", "{AA205B3A-A53F-478E-8FB3-45012D53060D}"
EndProject
Global
	GlobalSection(SolutionConfigurationPlatforms) = preSolution
		Debug|Any CPU = Debug|Any CPU
		Release|Any CPU = Release|Any CPU
	EndGlobalSection
	GlobalSection(ProjectConfigurationPlatforms) = postSolution
		{AA205B3A-A53F-478E-8FB3-45012D53060D}.Debug|Any CPU.ActiveCfg = Debug|Any CPU
		{AA205B3A-A53F-478E-8FB3-45012D53060D}.Debug|Any CPU.Build.0 = Debug|Any CPU
		{AA205B3A-A53F-478E-8FB3-45012D53060D}.Release|Any CPU.ActiveCfg = Release|Any CPU
		{AA205B3A-A53F-478E-8FB3-45012D53060D}.Release|Any CPU.Build.0 = Release|Any CPU
	EndGlobalSection
	GlobalSection(SolutionProperties) = preSolution
		HideSolutionNode = FALSE
	EndGlobalSection
	GlobalSection(ExtensibilityGlobals) = postSolution
		SolutionGuid = {ACDE21EB-F20B-48F8-B5EA-53A6EB5A189D}
	EndGlobalSection
EndGlobal
