
Microsoft Visual Studio Solution File, Format Version 12.00
# Visual Studio Version 16
VisualStudioVersion = 16.0.30002.166
MinimumVisualStudioVersion = 10.0.40219.1
Project("{FAE04EC0-301F-11D3-BF4B-00C04F79EFBC}") = "Calkulator", "Calkulator\Calkulator.csproj", "{6D4DD429-7D45-4F3A-9104-3DDD3C65457E}"
EndProject
Global
	GlobalSection(SolutionConfigurationPlatforms) = preSolution
		Debug|Any CPU = Debug|Any CPU
		Release|Any CPU = Release|Any CPU
	EndGlobalSection
	GlobalSection(ProjectConfigurationPlatforms) = postSolution
		{6D4DD429-7D45-4F3A-9104-3DDD3C65457E}.Debug|Any CPU.ActiveCfg = Debug|Any CPU
		{6D4DD429-7D45-4F3A-9104-3DDD3C65457E}.Debug|Any CPU.Build.0 = Debug|Any CPU
		{6D4DD429-7D45-4F3A-9104-3DDD3C65457E}.Release|Any CPU.ActiveCfg = Release|Any CPU
		{6D4DD429-7D45-4F3A-9104-3DDD3C65457E}.Release|Any CPU.Build.0 = Release|Any CPU
	EndGlobalSection
	GlobalSection(SolutionProperties) = preSolution
		HideSolutionNode = FALSE
	EndGlobalSection
	GlobalSection(ExtensibilityGlobals) = postSolution
		SolutionGuid = {0E769C08-A40A-4CD9-85FF-0A26D193A399}
	EndGlobalSection
EndGlobal
