
Microsoft Visual Studio Solution File, Format Version 12.00
# Visual Studio 15
VisualStudioVersion = 15.0.28307.757
MinimumVisualStudioVersion = 10.0.40219.1
Project("{FAE04EC0-301F-11D3-BF4B-00C04F79EFBC}") = "ConsoleApp1", "ConsoleApp1\ConsoleApp1.csproj", "{0641679F-A911-4D7E-9148-DC4730942EFB}"
EndProject
Global
	GlobalSection(SolutionConfigurationPlatforms) = preSolution
		Debug|Any CPU = Debug|Any CPU
		Release|Any CPU = Release|Any CPU
	EndGlobalSection
	GlobalSection(ProjectConfigurationPlatforms) = postSolution
		{0641679F-A911-4D7E-9148-DC4730942EFB}.Debug|Any CPU.ActiveCfg = Debug|Any CPU
		{0641679F-A911-4D7E-9148-DC4730942EFB}.Debug|Any CPU.Build.0 = Debug|Any CPU
		{0641679F-A911-4D7E-9148-DC4730942EFB}.Release|Any CPU.ActiveCfg = Release|Any CPU
		{0641679F-A911-4D7E-9148-DC4730942EFB}.Release|Any CPU.Build.0 = Release|Any CPU
	EndGlobalSection
	GlobalSection(SolutionProperties) = preSolution
		HideSolutionNode = FALSE
	EndGlobalSection
	GlobalSection(ExtensibilityGlobals) = postSolution
		SolutionGuid = {5478C1E0-A33A-440C-AAA9-83C607CB2A69}
	EndGlobalSection
EndGlobal
