
Microsoft Visual Studio Solution File, Format Version 12.00
# Visual Studio 15
VisualStudioVersion = 15.0.28307.645
MinimumVisualStudioVersion = 10.0.40219.1
Project("{FAE04EC0-301F-11D3-BF4B-00C04F79EFBC}") = "Lesson 14 - Game", "Lesson 14 - Game\Lesson 14 - Game.csproj", "{62021351-9C24-42D6-94FF-CC314A61CE5A}"
EndProject
Global
	GlobalSection(SolutionConfigurationPlatforms) = preSolution
		Debug|Any CPU = Debug|Any CPU
		Release|Any CPU = Release|Any CPU
	EndGlobalSection
	GlobalSection(ProjectConfigurationPlatforms) = postSolution
		{62021351-9C24-42D6-94FF-CC314A61CE5A}.Debug|Any CPU.ActiveCfg = Debug|Any CPU
		{62021351-9C24-42D6-94FF-CC314A61CE5A}.Debug|Any CPU.Build.0 = Debug|Any CPU
		{62021351-9C24-42D6-94FF-CC314A61CE5A}.Release|Any CPU.ActiveCfg = Release|Any CPU
		{62021351-9C24-42D6-94FF-CC314A61CE5A}.Release|Any CPU.Build.0 = Release|Any CPU
	EndGlobalSection
	GlobalSection(SolutionProperties) = preSolution
		HideSolutionNode = FALSE
	EndGlobalSection
	GlobalSection(ExtensibilityGlobals) = postSolution
		SolutionGuid = {CA82B612-6C79-4F5C-8950-5550E370063F}
	EndGlobalSection
EndGlobal
