
Microsoft Visual Studio Solution File, Format Version 12.00
# Visual Studio Version 16
VisualStudioVersion = 16.0.30002.166
MinimumVisualStudioVersion = 10.0.40219.1
Project("{FAE04EC0-301F-11D3-BF4B-00C04F79EFBC}") = "SecondForm", "Lesson 11 - Winform Task1\SecondForm.csproj", "{6A513E50-6E00-449E-A710-D6847F0A72A0}"
EndProject
Global
	GlobalSection(SolutionConfigurationPlatforms) = preSolution
		Debug|Any CPU = Debug|Any CPU
		Release|Any CPU = Release|Any CPU
	EndGlobalSection
	GlobalSection(ProjectConfigurationPlatforms) = postSolution
		{6A513E50-6E00-449E-A710-D6847F0A72A0}.Debug|Any CPU.ActiveCfg = Debug|Any CPU
		{6A513E50-6E00-449E-A710-D6847F0A72A0}.Debug|Any CPU.Build.0 = Debug|Any CPU
		{6A513E50-6E00-449E-A710-D6847F0A72A0}.Release|Any CPU.ActiveCfg = Release|Any CPU
		{6A513E50-6E00-449E-A710-D6847F0A72A0}.Release|Any CPU.Build.0 = Release|Any CPU
	EndGlobalSection
	GlobalSection(SolutionProperties) = preSolution
		HideSolutionNode = FALSE
	EndGlobalSection
	GlobalSection(ExtensibilityGlobals) = postSolution
		SolutionGuid = {0A51CA79-0CC2-4DCB-9AB9-6835DBAD3874}
	EndGlobalSection
EndGlobal
